<Solution>
  <Project Path="BietThuBongToi.Runtime.csproj" />
  <Project Path="Assembly-CSharp.csproj" />
  <Project Path="Unity.PerformanceTesting.csproj" />
  <Project Path="glTFast.Export.csproj" />
  <Project Path="Unity.Burst.Editor.csproj" />
  <Project Path="Unity.Rider.Editor.csproj" />
  <Project Path="Unity.VisualScripting.State.csproj" />
  <Project Path="Unity.AI.Navigation.Updater.csproj" />
  <Project Path="Unity.Formats.Fbx.Editor.csproj" />
  <Project Path="glTFast.Newtonsoft.csproj" />
  <Project Path="Unity.AI.Navigation.Editor.csproj" />
  <Project Path="BietThuBongToi.Editor.csproj" />
  <Project Path="glTFast.Documentation.Examples.csproj" />
  <Project Path="Unity.ProBuilder.KdTree.csproj" />
  <Project Path="Unity.ProBuilder.AddOns.Editor.csproj" />
  <Project Path="Unity.InputSystem.ForUI.csproj" />
  <Project Path="Unity.AI.Navigation.csproj" />
  <Project Path="Unity.Collections.CodeGen.csproj" />
  <Project Path="Unity.Mathematics.Editor.csproj" />
  <Project Path="Unity.VisualScripting.SettingsProvider.Editor.csproj" />
  <Project Path="Unity.ProBuilder.AssetIdRemapUtility.csproj" />
  <Project Path="Unity.Settings.Editor.csproj" />
  <Project Path="Unity.InputSystem.TestFramework.csproj" />
  <Project Path="Unity.VisualScripting.Shared.Editor.csproj" />
  <Project Path="Unity.EditorCoroutines.Editor.csproj" />
  <Project Path="Unity.CollabProxy.Editor.csproj" />
  <Project Path="Unity.InputSystem.DocCodeSamples.csproj" />
  <Project Path="Unity.Formats.Fbx.Runtime.csproj" />
  <Project Path="Unity.ProBuilder.Stl.csproj" />
  <Project Path="glTFast.dots.csproj" />
  <Project Path="Unity.VisualScripting.DocCodeExamples.csproj" />
  <Project Path="Autodesk.Fbx.Editor.csproj" />
  <Project Path="Unity.PlasticSCM.Editor.Entities.csproj" />
  <Project Path="Unity.Collections.Editor.csproj" />
  <Project Path="Autodesk.Fbx.BuildTestAssets.csproj" />
  <Project Path="BietThuBongToi.Editor.csproj" />
  <Project Path="Assembly-CSharp-Editor.csproj" />
</Solution>
